
Microsoft Visual Studio Solution File, Format Version 12.00
# Visual Studio Version 16
VisualStudioVersion = 16.0.29905.134
MinimumVisualStudioVersion = 10.0.40219.1
Project("{2150E333-8FDC-42A3-9474-1A3956D46DE8}") = "Exemples", "Exemples", "{A674F8AE-4EF6-444E-9BFC-A652BE8EADAA}"
EndProject
Project("{9A19103F-16F7-4668-BE54-9A1E7A4F7556}") = "JeuxDontOnEstLeHero.Web.UI", "JeuxDontOnEstLeHero.Web.UI\JeuxDontOnEstLeHero.Web.UI.csproj", "{638ACDAB-2E7F-4167-9337-D7707FC395D3}"
EndProject
Project("{9A19103F-16F7-4668-BE54-9A1E7A4F7556}") = "jeudontonestlehero.Core.Data", "jeudontonestlehero.Core.Data\jeudontonestlehero.Core.Data.csproj", "{8784439E-665B-4796-AA04-96B34DA98402}"
EndProject
Project("{2150E333-8FDC-42A3-9474-1A3956D46DE8}") = "Libs", "Libs", "{9AE9C2E4-260B-4D35-84F7-3ACE264EE35B}"
EndProject
Project("{9A19103F-16F7-4668-BE54-9A1E7A4F7556}") = "JeuxDontOnEstLeHero.BackOffice.Web.UI", "JeuxDontOnEstLeHero.BackOffice.Web.UI\JeuxDontOnEstLeHero.BackOffice.Web.UI.csproj", "{E8AED78A-62B7-4DF6-B274-ED2EED66A4CC}"
EndProject
Project("{9A19103F-16F7-4668-BE54-9A1E7A4F7556}") = "PremierTestAvecEFCoreCodeFirst", "PremierTestAvecEFCoreCodeFirst\PremierTestAvecEFCoreCodeFirst.csproj", "{6929AED2-C14C-42F2-8500-B3940FC99C70}"
EndProject
Project("{9A19103F-16F7-4668-BE54-9A1E7A4F7556}") = "TestAuthentificationFacebook", "TestAuthentificationFacebook\TestAuthentificationFacebook.csproj", "{D38A7043-D1C7-44D0-9699-D71D2237AFCC}"
EndProject
Project("{9A19103F-16F7-4668-BE54-9A1E7A4F7556}") = "DecouverteValidator", "DecouverteValidator\DecouverteValidator.csproj", "{EB2EF5EF-BCBE-43F0-B7EC-BD86D63CE91D}"
EndProject
Project("{9A19103F-16F7-4668-BE54-9A1E7A4F7556}") = "ExempleJedis", "ExempleJedis\ExempleJedis.csproj", "{D16625F1-2DD6-4413-B966-E1D687A37DF6}"
EndProject
Project("{9A19103F-16F7-4668-BE54-9A1E7A4F7556}") = "TextJeuDroides", "TextJeuDroides\TextJeuDroides.csproj", "{8CBB45D5-4396-4FC9-B8B1-146B331D6FF1}"
EndProject
Project("{2150E333-8FDC-42A3-9474-1A3956D46DE8}") = "TestsUnitaires", "TestsUnitaires", "{5DE9057E-7FC1-4D22-B3F5-7179AFCDB310}"
EndProject
Project("{FAE04EC0-301F-11D3-BF4B-00C04F79EFBC}") = "TestWebUI", "TestWebUI\TestWebUI.csproj", "{B553EB91-B907-42CC-8469-D3E26C027500}"
EndProject
Global
	GlobalSection(SolutionConfigurationPlatforms) = preSolution
		Debug|Any CPU = Debug|Any CPU
		Release|Any CPU = Release|Any CPU
	EndGlobalSection
	GlobalSection(ProjectConfigurationPlatforms) = postSolution
		{638ACDAB-2E7F-4167-9337-D7707FC395D3}.Debug|Any CPU.ActiveCfg = Debug|Any CPU
		{638ACDAB-2E7F-4167-9337-D7707FC395D3}.Debug|Any CPU.Build.0 = Debug|Any CPU
		{638ACDAB-2E7F-4167-9337-D7707FC395D3}.Release|Any CPU.ActiveCfg = Release|Any CPU
		{638ACDAB-2E7F-4167-9337-D7707FC395D3}.Release|Any CPU.Build.0 = Release|Any CPU
		{8784439E-665B-4796-AA04-96B34DA98402}.Debug|Any CPU.ActiveCfg = Debug|Any CPU
		{8784439E-665B-4796-AA04-96B34DA98402}.Debug|Any CPU.Build.0 = Debug|Any CPU
		{8784439E-665B-4796-AA04-96B34DA98402}.Release|Any CPU.ActiveCfg = Release|Any CPU
		{8784439E-665B-4796-AA04-96B34DA98402}.Release|Any CPU.Build.0 = Release|Any CPU
		{E8AED78A-62B7-4DF6-B274-ED2EED66A4CC}.Debug|Any CPU.ActiveCfg = Debug|Any CPU
		{E8AED78A-62B7-4DF6-B274-ED2EED66A4CC}.Debug|Any CPU.Build.0 = Debug|Any CPU
		{E8AED78A-62B7-4DF6-B274-ED2EED66A4CC}.Release|Any CPU.ActiveCfg = Release|Any CPU
		{E8AED78A-62B7-4DF6-B274-ED2EED66A4CC}.Release|Any CPU.Build.0 = Release|Any CPU
		{6929AED2-C14C-42F2-8500-B3940FC99C70}.Debug|Any CPU.ActiveCfg = Debug|Any CPU
		{6929AED2-C14C-42F2-8500-B3940FC99C70}.Debug|Any CPU.Build.0 = Debug|Any CPU
		{6929AED2-C14C-42F2-8500-B3940FC99C70}.Release|Any CPU.ActiveCfg = Release|Any CPU
		{6929AED2-C14C-42F2-8500-B3940FC99C70}.Release|Any CPU.Build.0 = Release|Any CPU
		{D38A7043-D1C7-44D0-9699-D71D2237AFCC}.Debug|Any CPU.ActiveCfg = Debug|Any CPU
		{D38A7043-D1C7-44D0-9699-D71D2237AFCC}.Debug|Any CPU.Build.0 = Debug|Any CPU
		{D38A7043-D1C7-44D0-9699-D71D2237AFCC}.Release|Any CPU.ActiveCfg = Release|Any CPU
		{D38A7043-D1C7-44D0-9699-D71D2237AFCC}.Release|Any CPU.Build.0 = Release|Any CPU
		{EB2EF5EF-BCBE-43F0-B7EC-BD86D63CE91D}.Debug|Any CPU.ActiveCfg = Debug|Any CPU
		{EB2EF5EF-BCBE-43F0-B7EC-BD86D63CE91D}.Debug|Any CPU.Build.0 = Debug|Any CPU
		{EB2EF5EF-BCBE-43F0-B7EC-BD86D63CE91D}.Release|Any CPU.ActiveCfg = Release|Any CPU
		{EB2EF5EF-BCBE-43F0-B7EC-BD86D63CE91D}.Release|Any CPU.Build.0 = Release|Any CPU
		{D16625F1-2DD6-4413-B966-E1D687A37DF6}.Debug|Any CPU.ActiveCfg = Debug|Any CPU
		{D16625F1-2DD6-4413-B966-E1D687A37DF6}.Debug|Any CPU.Build.0 = Debug|Any CPU
		{D16625F1-2DD6-4413-B966-E1D687A37DF6}.Release|Any CPU.ActiveCfg = Release|Any CPU
		{D16625F1-2DD6-4413-B966-E1D687A37DF6}.Release|Any CPU.Build.0 = Release|Any CPU
		{8CBB45D5-4396-4FC9-B8B1-146B331D6FF1}.Debug|Any CPU.ActiveCfg = Debug|Any CPU
		{8CBB45D5-4396-4FC9-B8B1-146B331D6FF1}.Debug|Any CPU.Build.0 = Debug|Any CPU
		{8CBB45D5-4396-4FC9-B8B1-146B331D6FF1}.Release|Any CPU.ActiveCfg = Release|Any CPU
		{8CBB45D5-4396-4FC9-B8B1-146B331D6FF1}.Release|Any CPU.Build.0 = Release|Any CPU
		{B553EB91-B907-42CC-8469-D3E26C027500}.Debug|Any CPU.ActiveCfg = Debug|Any CPU
		{B553EB91-B907-42CC-8469-D3E26C027500}.Debug|Any CPU.Build.0 = Debug|Any CPU
		{B553EB91-B907-42CC-8469-D3E26C027500}.Release|Any CPU.ActiveCfg = Release|Any CPU
		{B553EB91-B907-42CC-8469-D3E26C027500}.Release|Any CPU.Build.0 = Release|Any CPU
	EndGlobalSection
	GlobalSection(SolutionProperties) = preSolution
		HideSolutionNode = FALSE
	EndGlobalSection
	GlobalSection(NestedProjects) = preSolution
		{8784439E-665B-4796-AA04-96B34DA98402} = {9AE9C2E4-260B-4D35-84F7-3ACE264EE35B}
		{6929AED2-C14C-42F2-8500-B3940FC99C70} = {A674F8AE-4EF6-444E-9BFC-A652BE8EADAA}
		{D38A7043-D1C7-44D0-9699-D71D2237AFCC} = {A674F8AE-4EF6-444E-9BFC-A652BE8EADAA}
		{EB2EF5EF-BCBE-43F0-B7EC-BD86D63CE91D} = {A674F8AE-4EF6-444E-9BFC-A652BE8EADAA}
		{D16625F1-2DD6-4413-B966-E1D687A37DF6} = {A674F8AE-4EF6-444E-9BFC-A652BE8EADAA}
		{8CBB45D5-4396-4FC9-B8B1-146B331D6FF1} = {A674F8AE-4EF6-444E-9BFC-A652BE8EADAA}
		{B553EB91-B907-42CC-8469-D3E26C027500} = {5DE9057E-7FC1-4D22-B3F5-7179AFCDB310}
	EndGlobalSection
	GlobalSection(ExtensibilityGlobals) = postSolution
		SolutionGuid = {DD232F97-503E-4089-9DC6-A2ABAC7CF9B6}
	EndGlobalSection
EndGlobal
